
Microsoft Visual Studio Solution File, Format Version 12.00
# Visual Studio Version 16
VisualStudioVersion = 16.0.30204.135
MinimumVisualStudioVersion = 10.0.40219.1
Project("{9A19103F-16F7-4668-BE54-9A1E7A4F7556}") = "Generator", "src\Generator\Generator.csproj", "{A5BDD190-A899-4FB8-8288-18B5949C6D31}"
EndProject
Project("{FAE04EC0-301F-11D3-BF4B-00C04F79EFBC}") = "Templates", "src\Templates\Templates.csproj", "{BA4C1AA7-544A-4E0B-8D9A-76866CB5AD5F}"
EndProject
Project("{FAE04EC0-301F-11D3-BF4B-00C04F79EFBC}") = "Common", "src\Common\Common.csproj", "{E126F42D-3044-48F6-99AE-3F7755102134}"
EndProject
Project("{2150E333-8FDC-42A3-9474-1A3956D46DE8}") = "Solution Items", "Solution Items", "{5827A1FE-6A3B-41EF-B112-A9E3BE9F7C62}"
	ProjectSection(SolutionItems) = preProject
		README.md = README.md
	EndProjectSection
EndProject
Global
	GlobalSection(SolutionConfigurationPlatforms) = preSolution
		Debug|Any CPU = Debug|Any CPU
		Release|Any CPU = Release|Any CPU
	EndGlobalSection
	GlobalSection(ProjectConfigurationPlatforms) = postSolution
		{A5BDD190-A899-4FB8-8288-18B5949C6D31}.Debug|Any CPU.ActiveCfg = Debug|Any CPU
		{A5BDD190-A899-4FB8-8288-18B5949C6D31}.Debug|Any CPU.Build.0 = Debug|Any CPU
		{A5BDD190-A899-4FB8-8288-18B5949C6D31}.Release|Any CPU.ActiveCfg = Release|Any CPU
		{A5BDD190-A899-4FB8-8288-18B5949C6D31}.Release|Any CPU.Build.0 = Release|Any CPU
		{BA4C1AA7-544A-4E0B-8D9A-76866CB5AD5F}.Debug|Any CPU.ActiveCfg = Debug|Any CPU
		{BA4C1AA7-544A-4E0B-8D9A-76866CB5AD5F}.Debug|Any CPU.Build.0 = Debug|Any CPU
		{BA4C1AA7-544A-4E0B-8D9A-76866CB5AD5F}.Release|Any CPU.ActiveCfg = Release|Any CPU
		{BA4C1AA7-544A-4E0B-8D9A-76866CB5AD5F}.Release|Any CPU.Build.0 = Release|Any CPU
		{E126F42D-3044-48F6-99AE-3F7755102134}.Debug|Any CPU.ActiveCfg = Debug|Any CPU
		{E126F42D-3044-48F6-99AE-3F7755102134}.Debug|Any CPU.Build.0 = Debug|Any CPU
		{E126F42D-3044-48F6-99AE-3F7755102134}.Release|Any CPU.ActiveCfg = Release|Any CPU
		{E126F42D-3044-48F6-99AE-3F7755102134}.Release|Any CPU.Build.0 = Release|Any CPU
	EndGlobalSection
	GlobalSection(SolutionProperties) = preSolution
		HideSolutionNode = FALSE
	EndGlobalSection
	GlobalSection(ExtensibilityGlobals) = postSolution
		SolutionGuid = {E561626E-0335-4282-93EE-E5F9BA64BA92}
	EndGlobalSection
EndGlobal
